
Microsoft Visual Studio Solution File, Format Version 12.00
# Visual Studio Version 16
VisualStudioVersion = 16.0.32413.511
MinimumVisualStudioVersion = 10.0.40219.1
Project("{FAE04EC0-301F-11D3-BF4B-00C04F79EFBC}") = "BD_doctors_2", "BD_doctors_2.csproj", "{6B45945B-91D2-4D1E-8548-F185D4BC41BC}"
EndProject
Global
	GlobalSection(SolutionConfigurationPlatforms) = preSolution
		Debug|Any CPU = Debug|Any CPU
		Release|Any CPU = Release|Any CPU
	EndGlobalSection
	GlobalSection(ProjectConfigurationPlatforms) = postSolution
		{6B45945B-91D2-4D1E-8548-F185D4BC41BC}.Debug|Any CPU.ActiveCfg = Debug|Any CPU
		{6B45945B-91D2-4D1E-8548-F185D4BC41BC}.Debug|Any CPU.Build.0 = Debug|Any CPU
		{6B45945B-91D2-4D1E-8548-F185D4BC41BC}.Release|Any CPU.ActiveCfg = Release|Any CPU
		{6B45945B-91D2-4D1E-8548-F185D4BC41BC}.Release|Any CPU.Build.0 = Release|Any CPU
	EndGlobalSection
	GlobalSection(SolutionProperties) = preSolution
		HideSolutionNode = FALSE
	EndGlobalSection
	GlobalSection(ExtensibilityGlobals) = postSolution
		SolutionGuid = {99BA6586-F6B9-49CA-AD3B-D93701C30ADD}
	EndGlobalSection
EndGlobal
